// !$*UTF8*$!
{
	archiveVersion = 1;
	classes = {
	};
	objectVersion = 50;
	objects = {

/* Begin PBXBuildFile section */
		2A73FD51787BF86D939D4EB9 /* Pods_Coffee_Club.framework in Frameworks */ = {isa = PBXBuildFile; fileRef = E7943A257BA2AC11C8F5D971 /* Pods_Coffee_Club.framework */; };
		D05C842723837BEC00786C39 /* AppDelegate.swift in Sources */ = {isa = PBXBuildFile; fileRef = D05C842623837BEC00786C39 /* AppDelegate.swift */; };
		D05C842923837BEC00786C39 /* SceneDelegate.swift in Sources */ = {isa = PBXBuildFile; fileRef = D05C842823837BEC00786C39 /* SceneDelegate.swift */; };
		D05C842B23837BEC00786C39 /* ViewController.swift in Sources */ = {isa = PBXBuildFile; fileRef = D05C842A23837BEC00786C39 /* ViewController.swift */; };
		D05C842E23837BEC00786C39 /* Main.storyboard in Resources */ = {isa = PBXBuildFile; fileRef = D05C842C23837BEC00786C39 /* Main.storyboard */; };
		D05C843023837BEF00786C39 /* Assets.xcassets in Resources */ = {isa = PBXBuildFile; fileRef = D05C842F23837BEF00786C39 /* Assets.xcassets */; };
		D05C843323837BEF00786C39 /* LaunchScreen.storyboard in Resources */ = {isa = PBXBuildFile; fileRef = D05C843123837BEF00786C39 /* LaunchScreen.storyboard */; };
/* End PBXBuildFile section */

/* Begin PBXFileReference section */
		91C9A0D5B4CBDEA0ED94DBD2 /* Pods-Coffee Club.debug.xcconfig */ = {isa = PBXFileReference; includeInIndex = 1; lastKnownFileType = text.xcconfig; name = "Pods-Coffee Club.debug.xcconfig"; path = "Target Support Files/Pods-Coffee Club/Pods-Coffee Club.debug.xcconfig"; sourceTree = "<group>"; };
		D05C842323837BEC00786C39 /* Coffee Club.app */ = {isa = PBXFileReference; explicitFileType = wrapper.application; includeInIndex = 0; path = "Coffee Club.app"; sourceTree = BUILT_PRODUCTS_DIR; };
		D05C842623837BEC00786C39 /* AppDelegate.swift */ = {isa = PBXFileReference; lastKnownFileType = sourcecode.swift; path = AppDelegate.swift; sourceTree = "<group>"; };
		D05C842823837BEC00786C39 /* SceneDelegate.swift */ = {isa = PBXFileReference; lastKnownFileType = sourcecode.swift; path = SceneDelegate.swift; sourceTree = "<group>"; };
		D05C842A23837BEC00786C39 /* ViewController.swift */ = {isa = PBXFileReference; lastKnownFileType = sourcecode.swift; path = ViewController.swift; sourceTree = "<group>"; };
		D05C842D23837BEC00786C39 /* Base */ = {isa = PBXFileReference; lastKnownFileType = file.storyboard; name = Base; path = Base.lproj/Main.storyboard; sourceTree = "<group>"; };
		D05C842F23837BEF00786C39 /* Assets.xcassets */ = {isa = PBXFileReference; lastKnownFileType = folder.assetcatalog; path = Assets.xcassets; sourceTree = "<group>"; };
		D05C843223837BEF00786C39 /* Base */ = {isa = PBXFileReference; lastKnownFileType = file.storyboard; name = Base; path = Base.lproj/LaunchScreen.storyboard; sourceTree = "<group>"; };
		D05C843423837BEF00786C39 /* Info.plist */ = {isa = PBXFileReference; lastKnownFileType = text.plist.xml; path = Info.plist; sourceTree = "<group>"; };
		E7943A257BA2AC11C8F5D971 /* Pods_Coffee_Club.framework */ = {isa = PBXFileReference; explicitFileType = wrapper.framework; includeInIndex = 0; path = Pods_Coffee_Club.framework; sourceTree = BUILT_PRODUCTS_DIR; };
		F195D4F23A37A8130BD3B3BB /* Pods-Coffee Club.release.xcconfig */ = {isa = PBXFileReference; includeInIndex = 1; lastKnownFileType = text.xcconfig; name = "Pods-Coffee Club.release.xcconfig"; path = "Target Support Files/Pods-Coffee Club/Pods-Coffee Club.release.xcconfig"; sourceTree = "<group>"; };
/* End PBXFileReference section */

/* Begin PBXFrameworksBuildPhase section */
		D05C842023837BEC00786C39 /* Frameworks */ = {
			isa = PBXFrameworksBuildPhase;
			buildActionMask = 2147483647;
			files = (
				2A73FD51787BF86D939D4EB9 /* Pods_Coffee_Club.framework in Frameworks */,
			);
			runOnlyForDeploymentPostprocessing = 0;
		};
/* End PBXFrameworksBuildPhase section */

/* Begin PBXGroup section */
		284C8F0ED22F256D2533731F /* Pods */ = {
			isa = PBXGroup;
			children = (
				91C9A0D5B4CBDEA0ED94DBD2 /* Pods-Coffee Club.debug.xcconfig */,
				F195D4F23A37A8130BD3B3BB /* Pods-Coffee Club.release.xcconfig */,
			);
			name = Pods;
			path = Pods;
			sourceTree = "<group>";
		};
		601FB0EA3FD94E3DA44891D0 /* Frameworks */ = {
			isa = PBXGroup;
			children = (
				E7943A257BA2AC11C8F5D971 /* Pods_Coffee_Club.framework */,
			);
			name = Frameworks;
			sourceTree = "<group>";
		};
		D05C841A23837BEC00786C39 = {
			isa = PBXGroup;
			children = (
				D05C842523837BEC00786C39 /* Coffee Club */,
				D05C842423837BEC00786C39 /* Products */,
				284C8F0ED22F256D2533731F /* Pods */,
				601FB0EA3FD94E3DA44891D0 /* Frameworks */,
			);
			sourceTree = "<group>";
		};
		D05C842423837BEC00786C39 /* Products */ = {
			isa = PBXGroup;
			children = (
				D05C842323837BEC00786C39 /* Coffee Club.app */,
			);
			name = Products;
			sourceTree = "<group>";
		};
		D05C842523837BEC00786C39 /* Coffee Club */ = {
			isa = PBXGroup;
			children = (
				D05C842623837BEC00786C39 /* AppDelegate.swift */,
				D05C842823837BEC00786C39 /* SceneDelegate.swift */,
				D05C842A23837BEC00786C39 /* ViewController.swift */,
				D05C842C23837BEC00786C39 /* Main.storyboard */,
				D05C842F23837BEF00786C39 /* Assets.xcassets */,
				D05C843123837BEF00786C39 /* LaunchScreen.storyboard */,
				D05C843423837BEF00786C39 /* Info.plist */,
			);
			path = "Coffee Club";
			sourceTree = "<group>";
		};
/* End PBXGroup section */

/* Begin PBXNativeTarget section */
		D05C842223837BEC00786C39 /* Coffee Club */ = {
			isa = PBXNativeTarget;
			buildConfigurationList = D05C843723837BEF00786C39 /* Build configuration list for PBXNativeTarget "Coffee Club" */;
			buildPhases = (
				DE1768E0EC39AC155EC427E0 /* [CP] Check Pods Manifest.lock */,
				D05C841F23837BEC00786C39 /* Sources */,
				D05C842023837BEC00786C39 /* Frameworks */,
				D05C842123837BEC00786C39 /* Resources */,
				2B7F558EC95BE3D80FD3F2FC /* [CP] Embed Pods Frameworks */,
				355D63880A73655E0E7EDCE9 /* [CP] Copy Pods Resources */,
			);
			buildRules = (
			);
			dependencies = (
			);
			name = "Coffee Club";
			productName = "Coffee Club";
			productReference = D05C842323837BEC00786C39 /* Coffee Club.app */;
			productType = "com.apple.product-type.application";
		};
/* End PBXNativeTarget section */

/* Begin PBXProject section */
		D05C841B23837BEC00786C39 /* Project object */ = {
			isa = PBXProject;
			attributes = {
				LastSwiftUpdateCheck = 1120;
				LastUpgradeCheck = 1120;
				ORGANIZATIONNAME = "Justin Matsnev";
				TargetAttributes = {
					D05C842223837BEC00786C39 = {
						CreatedOnToolsVersion = 11.2.1;
					};
				};
			};
			buildConfigurationList = D05C841E23837BEC00786C39 /* Build configuration list for PBXProject "Coffee Club" */;
			compatibilityVersion = "Xcode 9.3";
			developmentRegion = en;
			hasScannedForEncodings = 0;
			knownRegions = (
				en,
				Base,
			);
			mainGroup = D05C841A23837BEC00786C39;
			productRefGroup = D05C842423837BEC00786C39 /* Products */;
			projectDirPath = "";
			projectRoot = "";
			targets = (
				D05C842223837BEC00786C39 /* Coffee Club */,
			);
		};
/* End PBXProject section */

/* Begin PBXResourcesBuildPhase section */
		D05C842123837BEC00786C39 /* Resources */ = {
			isa = PBXResourcesBuildPhase;
			buildActionMask = 2147483647;
			files = (
				D05C843323837BEF00786C39 /* LaunchScreen.storyboard in Resources */,
				D05C843023837BEF00786C39 /* Assets.xcassets in Resources */,
				D05C842E23837BEC00786C39 /* Main.storyboard in Resources */,
			);
			runOnlyForDeploymentPostprocessing = 0;
		};
/* End PBXResourcesBuildPhase section */

/* Begin PBXShellScriptBuildPhase section */
		2B7F558EC95BE3D80FD3F2FC /* [CP] Embed Pods Frameworks */ = {
			isa = PBXShellScriptBuildPhase;
			buildActionMask = 2147483647;
			files = (
			);
			inputFileListPaths = (
				"${PODS_ROOT}/Target Support Files/Pods-Coffee Club/Pods-Coffee Club-frameworks-${CONFIGURATION}-input-files.xcfilelist",
			);
			name = "[CP] Embed Pods Frameworks";
			outputFileListPaths = (
				"${PODS_ROOT}/Target Support Files/Pods-Coffee Club/Pods-Coffee Club-frameworks-${CONFIGURATION}-output-files.xcfilelist",
			);
			runOnlyForDeploymentPostprocessing = 0;
			shellPath = /bin/sh;
			shellScript = "\"${PODS_ROOT}/Target Support Files/Pods-Coffee Club/Pods-Coffee Club-frameworks.sh\"\n";
			showEnvVarsInLog = 0;
		};
		355D63880A73655E0E7EDCE9 /* [CP] Copy Pods Resources */ = {
			isa = PBXShellScriptBuildPhase;
			buildActionMask = 2147483647;
			files = (
			);
			inputFileListPaths = (
				"${PODS_ROOT}/Target Support Files/Pods-Coffee Club/Pods-Coffee Club-resources-${CONFIGURATION}-input-files.xcfilelist",
			);
			name = "[CP] Copy Pods Resources";
			outputFileListPaths = (
				"${PODS_ROOT}/Target Support Files/Pods-Coffee Club/Pods-Coffee Club-resources-${CONFIGURATION}-output-files.xcfilelist",
			);
			runOnlyForDeploymentPostprocessing = 0;
			shellPath = /bin/sh;
			shellScript = "\"${PODS_ROOT}/Target Support Files/Pods-Coffee Club/Pods-Coffee Club-resources.sh\"\n";
			showEnvVarsInLog = 0;
		};
		DE1768E0EC39AC155EC427E0 /* [CP] Check Pods Manifest.lock */ = {
			isa = PBXShellScriptBuildPhase;
			buildActionMask = 2147483647;
			files = (
			);
			inputFileListPaths = (
			);
			inputPaths = (
				"${PODS_PODFILE_DIR_PATH}/Podfile.lock",
				"${PODS_ROOT}/Manifest.lock",
			);
			name = "[CP] Check Pods Manifest.lock";
			outputFileListPaths = (
			);
			outputPaths = (
				"$(DERIVED_FILE_DIR)/Pods-Coffee Club-checkManifestLockResult.txt",
			);
			runOnlyForDeploymentPostprocessing = 0;
			shellPath = /bin/sh;
			shellScript = "diff \"${PODS_PODFILE_DIR_PATH}/Podfile.lock\" \"${PODS_ROOT}/Manifest.lock\" > /dev/null\nif [ $? != 0 ] ; then\n    # print error to STDERR\n    echo \"error: The sandbox is not in sync with the Podfile.lock. Run 'pod install' or update your CocoaPods installation.\" >&2\n    exit 1\nfi\n# This output is used by Xcode 'outputs' to avoid re-running this script phase.\necho \"SUCCESS\" > \"${SCRIPT_OUTPUT_FILE_0}\"\n";
			showEnvVarsInLog = 0;
		};
/* End PBXShellScriptBuildPhase section */

/* Begin PBXSourcesBuildPhase section */
		D05C841F23837BEC00786C39 /* Sources */ = {
			isa = PBXSourcesBuildPhase;
			buildActionMask = 2147483647;
			files = (
				D05C842B23837BEC00786C39 /* ViewController.swift in Sources */,
				D05C842723837BEC00786C39 /* AppDelegate.swift in Sources */,
				D05C842923837BEC00786C39 /* SceneDelegate.swift in Sources */,
			);
			runOnlyForDeploymentPostprocessing = 0;
		};
/* End PBXSourcesBuildPhase section */

/* Begin PBXVariantGroup section */
		D05C842C23837BEC00786C39 /* Main.storyboard */ = {
			isa = PBXVariantGroup;
			children = (
				D05C842D23837BEC00786C39 /* Base */,
			);
			name = Main.storyboard;
			sourceTree = "<group>";
		};
		D05C843123837BEF00786C39 /* LaunchScreen.storyboard */ = {
			isa = PBXVariantGroup;
			children = (
				D05C843223837BEF00786C39 /* Base */,
			);
			name = LaunchScreen.storyboard;
			sourceTree = "<group>";
		};
/* End PBXVariantGroup section */

/* Begin XCBuildConfiguration section */
		D05C843523837BEF00786C39 /* Debug */ = {
			isa = XCBuildConfiguration;
			buildSettings = {
				ALWAYS_SEARCH_USER_PATHS = NO;
				CLANG_ANALYZER_NONNULL = YES;
				CLANG_ANALYZER_NUMBER_OBJECT_CONVERSION = YES_AGGRESSIVE;
				CLANG_CXX_LANGUAGE_STANDARD = "gnu++14";
				CLANG_CXX_LIBRARY = "libc++";
				CLANG_ENABLE_MODULES = YES;
				CLANG_ENABLE_OBJC_ARC = YES;
				CLANG_ENABLE_OBJC_WEAK = YES;
				CLANG_WARN_BLOCK_CAPTURE_AUTORELEASING = YES;
				CLANG_WARN_BOOL_CONVERSION = YES;
				CLANG_WARN_COMMA = YES;
				CLANG_WARN_CONSTANT_CONVERSION = YES;
				CLANG_WARN_DEPRECATED_OBJC_IMPLEMENTATIONS = YES;
				CLANG_WARN_DIRECT_OBJC_ISA_USAGE = YES_ERROR;
				CLANG_WARN_DOCUMENTATION_COMMENTS = YES;
				CLANG_WARN_EMPTY_BODY = YES;
				CLANG_WARN_ENUM_CONVERSION = YES;
				CLANG_WARN_INFINITE_RECURSION = YES;
				CLANG_WARN_INT_CONVERSION = YES;
				CLANG_WARN_NON_LITERAL_NULL_CONVERSION = YES;
				CLANG_WARN_OBJC_IMPLICIT_RETAIN_SELF = YES;
				CLANG_WARN_OBJC_LITERAL_CONVERSION = YES;
				CLANG_WARN_OBJC_ROOT_CLASS = YES_ERROR;
				CLANG_WARN_RANGE_LOOP_ANALYSIS = YES;
				CLANG_WARN_STRICT_PROTOTYPES = YES;
				CLANG_WARN_SUSPICIOUS_MOVE = YES;
				CLANG_WARN_UNGUARDED_AVAILABILITY = YES_AGGRESSIVE;
				CLANG_WARN_UNREACHABLE_CODE = YES;
				CLANG_WARN__DUPLICATE_METHOD_MATCH = YES;
				COPY_PHASE_STRIP = NO;
				DEBUG_INFORMATION_FORMAT = dwarf;
				ENABLE_STRICT_OBJC_MSGSEND = YES;
				ENABLE_TESTABILITY = YES;
				GCC_C_LANGUAGE_STANDARD = gnu11;
				GCC_DYNAMIC_NO_PIC = NO;
				GCC_NO_COMMON_BLOCKS = YES;
				GCC_OPTIMIZATION_LEVEL = 0;
				GCC_PREPROCESSOR_DEFINITIONS = (
					"DEBUG=1",
					"$(inherited)",
				);
				GCC_WARN_64_TO_32_BIT_CONVERSION = YES;
				GCC_WARN_ABOUT_RETURN_TYPE = YES_ERROR;
				GCC_WARN_UNDECLARED_SELECTOR = YES;
				GCC_WARN_UNINITIALIZED_AUTOS = YES_AGGRESSIVE;
				GCC_WARN_UNUSED_FUNCTION = YES;
				GCC_WARN_UNUSED_VARIABLE = YES;
				IPHONEOS_DEPLOYMENT_TARGET = 13.2;
				MTL_ENABLE_DEBUG_INFO = INCLUDE_SOURCE;
				MTL_FAST_MATH = YES;
				ONLY_ACTIVE_ARCH = YES;
				SDKROOT = iphoneos;
				SWIFT_ACTIVE_COMPILATION_CONDITIONS = DEBUG;
				SWIFT_OPTIMIZATION_LEVEL = "-Onone";
			};
			name = Debug;
		};
		D05C843623837BEF00786C39 /* Release */ = {
			isa = XCBuildConfiguration;
			buildSettings = {
				ALWAYS_SEARCH_USER_PATHS = NO;
				CLANG_ANALYZER_NONNULL = YES;
				CLANG_ANALYZER_NUMBER_OBJECT_CONVERSION = YES_AGGRESSIVE;
				CLANG_CXX_LANGUAGE_STANDARD = "gnu++14";
				CLANG_CXX_LIBRARY = "libc++";
				CLANG_ENABLE_MODULES = YES;
				CLANG_ENABLE_OBJC_ARC = YES;
				CLANG_ENABLE_OBJC_WEAK = YES;
				CLANG_WARN_BLOCK_CAPTURE_AUTORELEASING = YES;
				CLANG_WARN_BOOL_CONVERSION = YES;
				CLANG_WARN_COMMA = YES;
				CLANG_WARN_CONSTANT_CONVERSION = YES;
				CLANG_WARN_DEPRECATED_OBJC_IMPLEMENTATIONS = YES;
				CLANG_WARN_DIRECT_OBJC_ISA_USAGE = YES_ERROR;
				CLANG_WARN_DOCUMENTATION_COMMENTS = YES;
				CLANG_WARN_EMPTY_BODY = YES;
				CLANG_WARN_ENUM_CONVERSION = YES;
				CLANG_WARN_INFINITE_RECURSION = YES;
				CLANG_WARN_INT_CONVERSION = YES;
				CLANG_WARN_NON_LITERAL_NULL_CONVERSION = YES;
				CLANG_WARN_OBJC_IMPLICIT_RETAIN_SELF = YES;
				CLANG_WARN_OBJC_LITERAL_CONVERSION = YES;
				CLANG_WARN_OBJC_ROOT_CLASS = YES_ERROR;
				CLANG_WARN_RANGE_LOOP_ANALYSIS = YES;
				CLANG_WARN_STRICT_PROTOTYPES = YES;
				CLANG_WARN_SUSPICIOUS_MOVE = YES;
				CLANG_WARN_UNGUARDED_AVAILABILITY = YES_AGGRESSIVE;
				CLANG_WARN_UNREACHABLE_CODE = YES;
				CLANG_WARN__DUPLICATE_METHOD_MATCH = YES;
				COPY_PHASE_STRIP = NO;
				DEBUG_INFORMATION_FORMAT = "dwarf-with-dsym";
				ENABLE_NS_ASSERTIONS = NO;
				ENABLE_STRICT_OBJC_MSGSEND = YES;
				GCC_C_LANGUAGE_STANDARD = gnu11;
				GCC_NO_COMMON_BLOCKS = YES;
				GCC_WARN_64_TO_32_BIT_CONVERSION = YES;
				GCC_WARN_ABOUT_RETURN_TYPE = YES_ERROR;
				GCC_WARN_UNDECLARED_SELECTOR = YES;
				GCC_WARN_UNINITIALIZED_AUTOS = YES_AGGRESSIVE;
				GCC_WARN_UNUSED_FUNCTION = YES;
				GCC_WARN_UNUSED_VARIABLE = YES;
				IPHONEOS_DEPLOYMENT_TARGET = 13.2;
				MTL_ENABLE_DEBUG_INFO = NO;
				MTL_FAST_MATH = YES;
				SDKROOT = iphoneos;
				SWIFT_COMPILATION_MODE = wholemodule;
				SWIFT_OPTIMIZATION_LEVEL = "-O";
				VALIDATE_PRODUCT = YES;
			};
			name = Release;
		};
		D05C843823837BEF00786C39 /* Debug */ = {
			isa = XCBuildConfiguration;
			baseConfigurationReference = 91C9A0D5B4CBDEA0ED94DBD2 /* Pods-Coffee Club.debug.xcconfig */;
			buildSettings = {
				ASSETCATALOG_COMPILER_APPICON_NAME = AppIcon;
				CODE_SIGN_STYLE = Automatic;
				DEVELOPMENT_TEAM = 96QE7H4LVL;
				INFOPLIST_FILE = "Coffee Club/Info.plist";
				LD_RUNPATH_SEARCH_PATHS = (
					"$(inherited)",
					"@executable_path/Frameworks",
				);
				PRODUCT_BUNDLE_IDENTIFIER = "com.justinmatsnev.Coffee-Club";
				PRODUCT_NAME = "$(TARGET_NAME)";
				SWIFT_VERSION = 5.0;
				TARGETED_DEVICE_FAMILY = "1,2";
			};
			name = Debug;
		};
		D05C843923837BEF00786C39 /* Release */ = {
			isa = XCBuildConfiguration;
			baseConfigurationReference = F195D4F23A37A8130BD3B3BB /* Pods-Coffee Club.release.xcconfig */;
			buildSettings = {
				ASSETCATALOG_COMPILER_APPICON_NAME = AppIcon;
				CODE_SIGN_STYLE = Automatic;
				DEVELOPMENT_TEAM = 96QE7H4LVL;
				INFOPLIST_FILE = "Coffee Club/Info.plist";
				LD_RUNPATH_SEARCH_PATHS = (
					"$(inherited)",
					"@executable_path/Frameworks",
				);
				PRODUCT_BUNDLE_IDENTIFIER = "com.justinmatsnev.Coffee-Club";
				PRODUCT_NAME = "$(TARGET_NAME)";
				SWIFT_VERSION = 5.0;
				TARGETED_DEVICE_FAMILY = "1,2";
			};
			name = Release;
		};
/* End XCBuildConfiguration section */

/* Begin XCConfigurationList section */
		D05C841E23837BEC00786C39 /* Build configuration list for PBXProject "Coffee Club" */ = {
			isa = XCConfigurationList;
			buildConfigurations = (
				D05C843523837BEF00786C39 /* Debug */,
				D05C843623837BEF00786C39 /* Release */,
			);
			defaultConfigurationIsVisible = 0;
			defaultConfigurationName = Release;
		};
		D05C843723837BEF00786C39 /* Build configuration list for PBXNativeTarget "Coffee Club" */ = {
			isa = XCConfigurationList;
			buildConfigurations = (
				D05C843823837BEF00786C39 /* Debug */,
				D05C843923837BEF00786C39 /* Release */,
			);
			defaultConfigurationIsVisible = 0;
			defaultConfigurationName = Release;
		};
/* End XCConfigurationList section */
	};
	rootObject = D05C841B23837BEC00786C39 /* Project object */;
}
